
Microsoft Visual Studio Solution File, Format Version 12.00
# Visual Studio 15
VisualStudioVersion = 15.0.27130.2020
MinimumVisualStudioVersion = 10.0.40219.1
Project("{FAE04EC0-301F-11D3-BF4B-00C04F79EFBC}") = "Documentation.Web", "Documentation.Web\Documentation.Web.csproj", "{B7CC3BCC-83C8-41F7-8B84-F603458C7D19}"
EndProject
Project("{FAE04EC0-301F-11D3-BF4B-00C04F79EFBC}") = "Documentation.Data", "Documentation.Data\Documentation.Data.csproj", "{00DE896D-9D08-427C-A4D8-2C8185E16E51}"
EndProject
Project("{FAE04EC0-301F-11D3-BF4B-00C04F79EFBC}") = "Documentation.Ground", "Documentation.Ground\Documentation.Ground.csproj", "{E6A8CFA6-2EC9-4115-B033-7C5F7ECF53DA}"
EndProject
Global
	GlobalSection(SolutionConfigurationPlatforms) = preSolution
		Debug|Any CPU = Debug|Any CPU
		Release|Any CPU = Release|Any CPU
	EndGlobalSection
	GlobalSection(ProjectConfigurationPlatforms) = postSolution
		{B7CC3BCC-83C8-41F7-8B84-F603458C7D19}.Debug|Any CPU.ActiveCfg = Debug|Any CPU
		{B7CC3BCC-83C8-41F7-8B84-F603458C7D19}.Debug|Any CPU.Build.0 = Debug|Any CPU
		{B7CC3BCC-83C8-41F7-8B84-F603458C7D19}.Release|Any CPU.ActiveCfg = Release|Any CPU
		{B7CC3BCC-83C8-41F7-8B84-F603458C7D19}.Release|Any CPU.Build.0 = Release|Any CPU
		{00DE896D-9D08-427C-A4D8-2C8185E16E51}.Debug|Any CPU.ActiveCfg = Debug|Any CPU
		{00DE896D-9D08-427C-A4D8-2C8185E16E51}.Debug|Any CPU.Build.0 = Debug|Any CPU
		{00DE896D-9D08-427C-A4D8-2C8185E16E51}.Release|Any CPU.ActiveCfg = Release|Any CPU
		{00DE896D-9D08-427C-A4D8-2C8185E16E51}.Release|Any CPU.Build.0 = Release|Any CPU
		{E6A8CFA6-2EC9-4115-B033-7C5F7ECF53DA}.Debug|Any CPU.ActiveCfg = Debug|Any CPU
		{E6A8CFA6-2EC9-4115-B033-7C5F7ECF53DA}.Debug|Any CPU.Build.0 = Debug|Any CPU
		{E6A8CFA6-2EC9-4115-B033-7C5F7ECF53DA}.Release|Any CPU.ActiveCfg = Release|Any CPU
		{E6A8CFA6-2EC9-4115-B033-7C5F7ECF53DA}.Release|Any CPU.Build.0 = Release|Any CPU
	EndGlobalSection
	GlobalSection(SolutionProperties) = preSolution
		HideSolutionNode = FALSE
	EndGlobalSection
	GlobalSection(ExtensibilityGlobals) = postSolution
		SolutionGuid = {CDC77234-6925-4510-9919-1D02E06439F7}
	EndGlobalSection
EndGlobal
